
Microsoft Visual Studio Solution File, Format Version 12.00
# Visual Studio Version 17
VisualStudioVersion = 17.0.31903.59
MinimumVisualStudioVersion = 10.0.40219.1
Project("{FAE04EC0-301F-11D3-BF4B-00C04F79EFBC}") = "ProductMicroservice.API", "ProductMicroservice.API\ProductMicroservice.API.csproj", "{7A923508-B081-4EA8-83D9-2E744DECFC5F}"
EndProject
Project("{FAE04EC0-301F-11D3-BF4B-00C04F79EFBC}") = "DataAccessLayer", "DataAccessLayer\DataAccessLayer.csproj", "{87F85D91-D612-4675-A208-DFB23425046C}"
EndProject
Project("{FAE04EC0-301F-11D3-BF4B-00C04F79EFBC}") = "BuisinessLogicLayer", "BuisinessLogicLayer\BuisinessLogicLayer.csproj", "{F2D4D05B-F820-4D57-BD1E-D125A612BCC9}"
EndProject
Global
	GlobalSection(SolutionConfigurationPlatforms) = preSolution
		Debug|Any CPU = Debug|Any CPU
		Release|Any CPU = Release|Any CPU
	EndGlobalSection
	GlobalSection(SolutionProperties) = preSolution
		HideSolutionNode = FALSE
	EndGlobalSection
	GlobalSection(ProjectConfigurationPlatforms) = postSolution
		{7A923508-B081-4EA8-83D9-2E744DECFC5F}.Debug|Any CPU.ActiveCfg = Debug|Any CPU
		{7A923508-B081-4EA8-83D9-2E744DECFC5F}.Debug|Any CPU.Build.0 = Debug|Any CPU
		{7A923508-B081-4EA8-83D9-2E744DECFC5F}.Release|Any CPU.ActiveCfg = Release|Any CPU
		{7A923508-B081-4EA8-83D9-2E744DECFC5F}.Release|Any CPU.Build.0 = Release|Any CPU
		{87F85D91-D612-4675-A208-DFB23425046C}.Debug|Any CPU.ActiveCfg = Debug|Any CPU
		{87F85D91-D612-4675-A208-DFB23425046C}.Debug|Any CPU.Build.0 = Debug|Any CPU
		{87F85D91-D612-4675-A208-DFB23425046C}.Release|Any CPU.ActiveCfg = Release|Any CPU
		{87F85D91-D612-4675-A208-DFB23425046C}.Release|Any CPU.Build.0 = Release|Any CPU
		{F2D4D05B-F820-4D57-BD1E-D125A612BCC9}.Debug|Any CPU.ActiveCfg = Debug|Any CPU
		{F2D4D05B-F820-4D57-BD1E-D125A612BCC9}.Debug|Any CPU.Build.0 = Debug|Any CPU
		{F2D4D05B-F820-4D57-BD1E-D125A612BCC9}.Release|Any CPU.ActiveCfg = Release|Any CPU
		{F2D4D05B-F820-4D57-BD1E-D125A612BCC9}.Release|Any CPU.Build.0 = Release|Any CPU
	EndGlobalSection
EndGlobal
